
Microsoft Visual Studio Solution File, Format Version 12.00
# Visual Studio 15
VisualStudioVersion = 15.0.28010.2019
MinimumVisualStudioVersion = 10.0.40219.1
Project("{FAE04EC0-301F-11D3-BF4B-00C04F79EFBC}") = "ALE1", "ALE1\ALE1.csproj", "{8C5304AA-6995-4825-87CB-640908B47FE2}"
EndProject
Project("{FAE04EC0-301F-11D3-BF4B-00C04F79EFBC}") = "ALEUnitTest", "ALEUnitTest\ALEUnitTest.csproj", "{A0A1A992-367B-4CD6-ACC3-6D17C0845D86}"
EndProject
Global
	GlobalSection(SolutionConfigurationPlatforms) = preSolution
		Debug|Any CPU = Debug|Any CPU
		Release|Any CPU = Release|Any CPU
	EndGlobalSection
	GlobalSection(ProjectConfigurationPlatforms) = postSolution
		{8C5304AA-6995-4825-87CB-640908B47FE2}.Debug|Any CPU.ActiveCfg = Debug|Any CPU
		{8C5304AA-6995-4825-87CB-640908B47FE2}.Debug|Any CPU.Build.0 = Debug|Any CPU
		{8C5304AA-6995-4825-87CB-640908B47FE2}.Release|Any CPU.ActiveCfg = Release|Any CPU
		{8C5304AA-6995-4825-87CB-640908B47FE2}.Release|Any CPU.Build.0 = Release|Any CPU
		{A0A1A992-367B-4CD6-ACC3-6D17C0845D86}.Debug|Any CPU.ActiveCfg = Debug|Any CPU
		{A0A1A992-367B-4CD6-ACC3-6D17C0845D86}.Debug|Any CPU.Build.0 = Debug|Any CPU
		{A0A1A992-367B-4CD6-ACC3-6D17C0845D86}.Release|Any CPU.ActiveCfg = Release|Any CPU
		{A0A1A992-367B-4CD6-ACC3-6D17C0845D86}.Release|Any CPU.Build.0 = Release|Any CPU
	EndGlobalSection
	GlobalSection(SolutionProperties) = preSolution
		HideSolutionNode = FALSE
	EndGlobalSection
	GlobalSection(ExtensibilityGlobals) = postSolution
		SolutionGuid = {DCE6F764-E0F6-4584-8156-C3E1D7FE1ACB}
	EndGlobalSection
EndGlobal
